// !$*UTF8*$!
{
	archiveVersion = 1;
	classes = {
	};
	objectVersion = 46;
	objects = {

/* Begin PBXBuildFile section */
		3231DE2D190D3B1400D84B95 /* MSHObservation2.m in Sources */ = {isa = PBXBuildFile; fileRef = 3231DE2B190D3B1400D84B95 /* MSHObservation2.m */; };
		3231DE2E190D3B1400D84B95 /* MSHObservation2.m in Sources */ = {isa = PBXBuildFile; fileRef = 3231DE2B190D3B1400D84B95 /* MSHObservation2.m */; };
		3236BFDE190963BE00EBB2B6 /* Foundation.framework in Frameworks */ = {isa = PBXBuildFile; fileRef = 3236BFDD190963BE00EBB2B6 /* Foundation.framework */; };
		3236BFE0190963BE00EBB2B6 /* CoreGraphics.framework in Frameworks */ = {isa = PBXBuildFile; fileRef = 3236BFDF190963BE00EBB2B6 /* CoreGraphics.framework */; };
		3236BFE2190963BE00EBB2B6 /* UIKit.framework in Frameworks */ = {isa = PBXBuildFile; fileRef = 3236BFE1190963BE00EBB2B6 /* UIKit.framework */; };
		3236BFE8190963BE00EBB2B6 /* InfoPlist.strings in Resources */ = {isa = PBXBuildFile; fileRef = 3236BFE6190963BE00EBB2B6 /* InfoPlist.strings */; };
		3236BFEA190963BE00EBB2B6 /* main.m in Sources */ = {isa = PBXBuildFile; fileRef = 3236BFE9190963BE00EBB2B6 /* main.m */; };
		3236BFEE190963BE00EBB2B6 /* MSHAppDelegate.m in Sources */ = {isa = PBXBuildFile; fileRef = 3236BFED190963BE00EBB2B6 /* MSHAppDelegate.m */; };
		3236BFF1190963BE00EBB2B6 /* Main_iPhone.storyboard in Resources */ = {isa = PBXBuildFile; fileRef = 3236BFEF190963BE00EBB2B6 /* Main_iPhone.storyboard */; };
		3236BFF4190963BE00EBB2B6 /* Main_iPad.storyboard in Resources */ = {isa = PBXBuildFile; fileRef = 3236BFF2190963BE00EBB2B6 /* Main_iPad.storyboard */; };
		3236BFF7190963BE00EBB2B6 /* MSHViewController.m in Sources */ = {isa = PBXBuildFile; fileRef = 3236BFF6190963BE00EBB2B6 /* MSHViewController.m */; };
		3236BFF9190963BE00EBB2B6 /* Images.xcassets in Resources */ = {isa = PBXBuildFile; fileRef = 3236BFF8190963BE00EBB2B6 /* Images.xcassets */; };
		3236C000190963BE00EBB2B6 /* XCTest.framework in Frameworks */ = {isa = PBXBuildFile; fileRef = 3236BFFF190963BE00EBB2B6 /* XCTest.framework */; };
		3236C001190963BF00EBB2B6 /* Foundation.framework in Frameworks */ = {isa = PBXBuildFile; fileRef = 3236BFDD190963BE00EBB2B6 /* Foundation.framework */; };
		3236C002190963BF00EBB2B6 /* UIKit.framework in Frameworks */ = {isa = PBXBuildFile; fileRef = 3236BFE1190963BE00EBB2B6 /* UIKit.framework */; };
		3236C00A190963BF00EBB2B6 /* InfoPlist.strings in Resources */ = {isa = PBXBuildFile; fileRef = 3236C008190963BF00EBB2B6 /* InfoPlist.strings */; };
		3236C00C190963BF00EBB2B6 /* VideoTestTests.m in Sources */ = {isa = PBXBuildFile; fileRef = 3236C00B190963BF00EBB2B6 /* VideoTestTests.m */; };
		3236C0161909659300EBB2B6 /* AVFoundation.framework in Frameworks */ = {isa = PBXBuildFile; fileRef = 3236C0151909659300EBB2B6 /* AVFoundation.framework */; };
		3236C018190965AD00EBB2B6 /* CoreMedia.framework in Frameworks */ = {isa = PBXBuildFile; fileRef = 3236C017190965AD00EBB2B6 /* CoreMedia.framework */; };
/* End PBXBuildFile section */

/* Begin PBXContainerItemProxy section */
		3236C003190963BF00EBB2B6 /* PBXContainerItemProxy */ = {
			isa = PBXContainerItemProxy;
			containerPortal = 3236BFD2190963BE00EBB2B6 /* Project object */;
			proxyType = 1;
			remoteGlobalIDString = 3236BFD9190963BE00EBB2B6;
			remoteInfo = VideoTest;
		};
/* End PBXContainerItemProxy section */

/* Begin PBXFileReference section */
		3231DE2A190D3B1400D84B95 /* MSHObservation2.h */ = {isa = PBXFileReference; fileEncoding = 4; lastKnownFileType = sourcecode.c.h; path = MSHObservation2.h; sourceTree = "<group>"; };
		3231DE2B190D3B1400D84B95 /* MSHObservation2.m */ = {isa = PBXFileReference; fileEncoding = 4; lastKnownFileType = sourcecode.c.objc; path = MSHObservation2.m; sourceTree = "<group>"; };
		3236BFDA190963BE00EBB2B6 /* VideoTest.app */ = {isa = PBXFileReference; explicitFileType = wrapper.application; includeInIndex = 0; path = VideoTest.app; sourceTree = BUILT_PRODUCTS_DIR; };
		3236BFDD190963BE00EBB2B6 /* Foundation.framework */ = {isa = PBXFileReference; lastKnownFileType = wrapper.framework; name = Foundation.framework; path = System/Library/Frameworks/Foundation.framework; sourceTree = SDKROOT; };
		3236BFDF190963BE00EBB2B6 /* CoreGraphics.framework */ = {isa = PBXFileReference; lastKnownFileType = wrapper.framework; name = CoreGraphics.framework; path = System/Library/Frameworks/CoreGraphics.framework; sourceTree = SDKROOT; };
		3236BFE1190963BE00EBB2B6 /* UIKit.framework */ = {isa = PBXFileReference; lastKnownFileType = wrapper.framework; name = UIKit.framework; path = System/Library/Frameworks/UIKit.framework; sourceTree = SDKROOT; };
		3236BFE5190963BE00EBB2B6 /* VideoTest-Info.plist */ = {isa = PBXFileReference; lastKnownFileType = text.plist.xml; path = "VideoTest-Info.plist"; sourceTree = "<group>"; };
		3236BFE7190963BE00EBB2B6 /* en */ = {isa = PBXFileReference; lastKnownFileType = text.plist.strings; name = en; path = en.lproj/InfoPlist.strings; sourceTree = "<group>"; };
		3236BFE9190963BE00EBB2B6 /* main.m */ = {isa = PBXFileReference; lastKnownFileType = sourcecode.c.objc; path = main.m; sourceTree = "<group>"; };
		3236BFEB190963BE00EBB2B6 /* VideoTest-Prefix.pch */ = {isa = PBXFileReference; lastKnownFileType = sourcecode.c.h; path = "VideoTest-Prefix.pch"; sourceTree = "<group>"; };
		3236BFEC190963BE00EBB2B6 /* MSHAppDelegate.h */ = {isa = PBXFileReference; lastKnownFileType = sourcecode.c.h; path = MSHAppDelegate.h; sourceTree = "<group>"; };
		3236BFED190963BE00EBB2B6 /* MSHAppDelegate.m */ = {isa = PBXFileReference; lastKnownFileType = sourcecode.c.objc; path = MSHAppDelegate.m; sourceTree = "<group>"; };
		3236BFF0190963BE00EBB2B6 /* Base */ = {isa = PBXFileReference; lastKnownFileType = file.storyboard; name = Base; path = Base.lproj/Main_iPhone.storyboard; sourceTree = "<group>"; };
		3236BFF3190963BE00EBB2B6 /* Base */ = {isa = PBXFileReference; lastKnownFileType = file.storyboard; name = Base; path = Base.lproj/Main_iPad.storyboard; sourceTree = "<group>"; };
		3236BFF5190963BE00EBB2B6 /* MSHViewController.h */ = {isa = PBXFileReference; lastKnownFileType = sourcecode.c.h; path = MSHViewController.h; sourceTree = "<group>"; };
		3236BFF6190963BE00EBB2B6 /* MSHViewController.m */ = {isa = PBXFileReference; indentWidth = 4; lastKnownFileType = sourcecode.c.objc; path = MSHViewController.m; sourceTree = "<group>"; };
		3236BFF8190963BE00EBB2B6 /* Images.xcassets */ = {isa = PBXFileReference; lastKnownFileType = folder.assetcatalog; path = Images.xcassets; sourceTree = "<group>"; };
		3236BFFE190963BE00EBB2B6 /* VideoTestTests.xctest */ = {isa = PBXFileReference; explicitFileType = wrapper.cfbundle; includeInIndex = 0; path = VideoTestTests.xctest; sourceTree = BUILT_PRODUCTS_DIR; };
		3236BFFF190963BE00EBB2B6 /* XCTest.framework */ = {isa = PBXFileReference; lastKnownFileType = wrapper.framework; name = XCTest.framework; path = Library/Frameworks/XCTest.framework; sourceTree = DEVELOPER_DIR; };
		3236C007190963BF00EBB2B6 /* VideoTestTests-Info.plist */ = {isa = PBXFileReference; lastKnownFileType = text.plist.xml; path = "VideoTestTests-Info.plist"; sourceTree = "<group>"; };
		3236C009190963BF00EBB2B6 /* en */ = {isa = PBXFileReference; lastKnownFileType = text.plist.strings; name = en; path = en.lproj/InfoPlist.strings; sourceTree = "<group>"; };
		3236C00B190963BF00EBB2B6 /* VideoTestTests.m */ = {isa = PBXFileReference; lastKnownFileType = sourcecode.c.objc; path = VideoTestTests.m; sourceTree = "<group>"; };
		3236C0151909659300EBB2B6 /* AVFoundation.framework */ = {isa = PBXFileReference; lastKnownFileType = wrapper.framework; name = AVFoundation.framework; path = System/Library/Frameworks/AVFoundation.framework; sourceTree = SDKROOT; };
		3236C017190965AD00EBB2B6 /* CoreMedia.framework */ = {isa = PBXFileReference; lastKnownFileType = wrapper.framework; name = CoreMedia.framework; path = System/Library/Frameworks/CoreMedia.framework; sourceTree = SDKROOT; };
/* End PBXFileReference section */

/* Begin PBXFrameworksBuildPhase section */
		3236BFD7190963BE00EBB2B6 /* Frameworks */ = {
			isa = PBXFrameworksBuildPhase;
			buildActionMask = 2147483647;
			files = (
				3236C018190965AD00EBB2B6 /* CoreMedia.framework in Frameworks */,
				3236C0161909659300EBB2B6 /* AVFoundation.framework in Frameworks */,
				3236BFE0190963BE00EBB2B6 /* CoreGraphics.framework in Frameworks */,
				3236BFE2190963BE00EBB2B6 /* UIKit.framework in Frameworks */,
				3236BFDE190963BE00EBB2B6 /* Foundation.framework in Frameworks */,
			);
			runOnlyForDeploymentPostprocessing = 0;
		};
		3236BFFB190963BE00EBB2B6 /* Frameworks */ = {
			isa = PBXFrameworksBuildPhase;
			buildActionMask = 2147483647;
			files = (
				3236C000190963BE00EBB2B6 /* XCTest.framework in Frameworks */,
				3236C002190963BF00EBB2B6 /* UIKit.framework in Frameworks */,
				3236C001190963BF00EBB2B6 /* Foundation.framework in Frameworks */,
			);
			runOnlyForDeploymentPostprocessing = 0;
		};
/* End PBXFrameworksBuildPhase section */

/* Begin PBXGroup section */
		3236BFD1190963BE00EBB2B6 = {
			isa = PBXGroup;
			children = (
				3236BFE3190963BE00EBB2B6 /* VideoTest */,
				3236C005190963BF00EBB2B6 /* VideoTestTests */,
				3236BFDC190963BE00EBB2B6 /* Frameworks */,
				3236BFDB190963BE00EBB2B6 /* Products */,
			);
			sourceTree = "<group>";
		};
		3236BFDB190963BE00EBB2B6 /* Products */ = {
			isa = PBXGroup;
			children = (
				3236BFDA190963BE00EBB2B6 /* VideoTest.app */,
				3236BFFE190963BE00EBB2B6 /* VideoTestTests.xctest */,
			);
			name = Products;
			sourceTree = "<group>";
		};
		3236BFDC190963BE00EBB2B6 /* Frameworks */ = {
			isa = PBXGroup;
			children = (
				3236C017190965AD00EBB2B6 /* CoreMedia.framework */,
				3236C0151909659300EBB2B6 /* AVFoundation.framework */,
				3236BFDD190963BE00EBB2B6 /* Foundation.framework */,
				3236BFDF190963BE00EBB2B6 /* CoreGraphics.framework */,
				3236BFE1190963BE00EBB2B6 /* UIKit.framework */,
				3236BFFF190963BE00EBB2B6 /* XCTest.framework */,
			);
			name = Frameworks;
			sourceTree = "<group>";
		};
		3236BFE3190963BE00EBB2B6 /* VideoTest */ = {
			isa = PBXGroup;
			children = (
				3236BFEC190963BE00EBB2B6 /* MSHAppDelegate.h */,
				3236BFED190963BE00EBB2B6 /* MSHAppDelegate.m */,
				3236BFEF190963BE00EBB2B6 /* Main_iPhone.storyboard */,
				3236BFF2190963BE00EBB2B6 /* Main_iPad.storyboard */,
				3236BFF5190963BE00EBB2B6 /* MSHViewController.h */,
				3236BFF6190963BE00EBB2B6 /* MSHViewController.m */,
				3236BFF8190963BE00EBB2B6 /* Images.xcassets */,
				3236BFE4190963BE00EBB2B6 /* Supporting Files */,
				3231DE2A190D3B1400D84B95 /* MSHObservation2.h */,
				3231DE2B190D3B1400D84B95 /* MSHObservation2.m */,
			);
			path = VideoTest;
			sourceTree = "<group>";
		};
		3236BFE4190963BE00EBB2B6 /* Supporting Files */ = {
			isa = PBXGroup;
			children = (
				3236BFE5190963BE00EBB2B6 /* VideoTest-Info.plist */,
				3236BFE6190963BE00EBB2B6 /* InfoPlist.strings */,
				3236BFE9190963BE00EBB2B6 /* main.m */,
				3236BFEB190963BE00EBB2B6 /* VideoTest-Prefix.pch */,
			);
			name = "Supporting Files";
			sourceTree = "<group>";
		};
		3236C005190963BF00EBB2B6 /* VideoTestTests */ = {
			isa = PBXGroup;
			children = (
				3236C00B190963BF00EBB2B6 /* VideoTestTests.m */,
				3236C006190963BF00EBB2B6 /* Supporting Files */,
			);
			path = VideoTestTests;
			sourceTree = "<group>";
		};
		3236C006190963BF00EBB2B6 /* Supporting Files */ = {
			isa = PBXGroup;
			children = (
				3236C007190963BF00EBB2B6 /* VideoTestTests-Info.plist */,
				3236C008190963BF00EBB2B6 /* InfoPlist.strings */,
			);
			name = "Supporting Files";
			sourceTree = "<group>";
		};
/* End PBXGroup section */

/* Begin PBXNativeTarget section */
		3236BFD9190963BE00EBB2B6 /* VideoTest */ = {
			isa = PBXNativeTarget;
			buildConfigurationList = 3236C00F190963BF00EBB2B6 /* Build configuration list for PBXNativeTarget "VideoTest" */;
			buildPhases = (
				3236BFD6190963BE00EBB2B6 /* Sources */,
				3236BFD7190963BE00EBB2B6 /* Frameworks */,
				3236BFD8190963BE00EBB2B6 /* Resources */,
			);
			buildRules = (
			);
			dependencies = (
			);
			name = VideoTest;
			productName = VideoTest;
			productReference = 3236BFDA190963BE00EBB2B6 /* VideoTest.app */;
			productType = "com.apple.product-type.application";
		};
		3236BFFD190963BE00EBB2B6 /* VideoTestTests */ = {
			isa = PBXNativeTarget;
			buildConfigurationList = 3236C012190963BF00EBB2B6 /* Build configuration list for PBXNativeTarget "VideoTestTests" */;
			buildPhases = (
				3236BFFA190963BE00EBB2B6 /* Sources */,
				3236BFFB190963BE00EBB2B6 /* Frameworks */,
				3236BFFC190963BE00EBB2B6 /* Resources */,
			);
			buildRules = (
			);
			dependencies = (
				3236C004190963BF00EBB2B6 /* PBXTargetDependency */,
			);
			name = VideoTestTests;
			productName = VideoTestTests;
			productReference = 3236BFFE190963BE00EBB2B6 /* VideoTestTests.xctest */;
			productType = "com.apple.product-type.bundle.unit-test";
		};
/* End PBXNativeTarget section */

/* Begin PBXProject section */
		3236BFD2190963BE00EBB2B6 /* Project object */ = {
			isa = PBXProject;
			attributes = {
				CLASSPREFIX = MSH;
				LastUpgradeCheck = 0510;
				ORGANIZATIONNAME = "Motorola Mobility";
				TargetAttributes = {
					3236BFD9190963BE00EBB2B6 = {
						DevelopmentTeam = 8WU8SPJV3K;
					};
					3236BFFD190963BE00EBB2B6 = {
						TestTargetID = 3236BFD9190963BE00EBB2B6;
					};
				};
			};
			buildConfigurationList = 3236BFD5190963BE00EBB2B6 /* Build configuration list for PBXProject "VideoTest" */;
			compatibilityVersion = "Xcode 3.2";
			developmentRegion = English;
			hasScannedForEncodings = 0;
			knownRegions = (
				en,
				Base,
			);
			mainGroup = 3236BFD1190963BE00EBB2B6;
			productRefGroup = 3236BFDB190963BE00EBB2B6 /* Products */;
			projectDirPath = "";
			projectRoot = "";
			targets = (
				3236BFD9190963BE00EBB2B6 /* VideoTest */,
				3236BFFD190963BE00EBB2B6 /* VideoTestTests */,
			);
		};
/* End PBXProject section */

/* Begin PBXResourcesBuildPhase section */
		3236BFD8190963BE00EBB2B6 /* Resources */ = {
			isa = PBXResourcesBuildPhase;
			buildActionMask = 2147483647;
			files = (
				3236BFF4190963BE00EBB2B6 /* Main_iPad.storyboard in Resources */,
				3236BFF9190963BE00EBB2B6 /* Images.xcassets in Resources */,
				3236BFF1190963BE00EBB2B6 /* Main_iPhone.storyboard in Resources */,
				3236BFE8190963BE00EBB2B6 /* InfoPlist.strings in Resources */,
			);
			runOnlyForDeploymentPostprocessing = 0;
		};
		3236BFFC190963BE00EBB2B6 /* Resources */ = {
			isa = PBXResourcesBuildPhase;
			buildActionMask = 2147483647;
			files = (
				3236C00A190963BF00EBB2B6 /* InfoPlist.strings in Resources */,
			);
			runOnlyForDeploymentPostprocessing = 0;
		};
/* End PBXResourcesBuildPhase section */

/* Begin PBXSourcesBuildPhase section */
		3236BFD6190963BE00EBB2B6 /* Sources */ = {
			isa = PBXSourcesBuildPhase;
			buildActionMask = 2147483647;
			files = (
				3236BFF7190963BE00EBB2B6 /* MSHViewController.m in Sources */,
				3236BFEA190963BE00EBB2B6 /* main.m in Sources */,
				3231DE2D190D3B1400D84B95 /* MSHObservation2.m in Sources */,
				3236BFEE190963BE00EBB2B6 /* MSHAppDelegate.m in Sources */,
			);
			runOnlyForDeploymentPostprocessing = 0;
		};
		3236BFFA190963BE00EBB2B6 /* Sources */ = {
			isa = PBXSourcesBuildPhase;
			buildActionMask = 2147483647;
			files = (
				3231DE2E190D3B1400D84B95 /* MSHObservation2.m in Sources */,
				3236C00C190963BF00EBB2B6 /* VideoTestTests.m in Sources */,
			);
			runOnlyForDeploymentPostprocessing = 0;
		};
/* End PBXSourcesBuildPhase section */

/* Begin PBXTargetDependency section */
		3236C004190963BF00EBB2B6 /* PBXTargetDependency */ = {
			isa = PBXTargetDependency;
			target = 3236BFD9190963BE00EBB2B6 /* VideoTest */;
			targetProxy = 3236C003190963BF00EBB2B6 /* PBXContainerItemProxy */;
		};
/* End PBXTargetDependency section */

/* Begin PBXVariantGroup section */
		3236BFE6190963BE00EBB2B6 /* InfoPlist.strings */ = {
			isa = PBXVariantGroup;
			children = (
				3236BFE7190963BE00EBB2B6 /* en */,
			);
			name = InfoPlist.strings;
			sourceTree = "<group>";
		};
		3236BFEF190963BE00EBB2B6 /* Main_iPhone.storyboard */ = {
			isa = PBXVariantGroup;
			children = (
				3236BFF0190963BE00EBB2B6 /* Base */,
			);
			name = Main_iPhone.storyboard;
			sourceTree = "<group>";
		};
		3236BFF2190963BE00EBB2B6 /* Main_iPad.storyboard */ = {
			isa = PBXVariantGroup;
			children = (
				3236BFF3190963BE00EBB2B6 /* Base */,
			);
			name = Main_iPad.storyboard;
			sourceTree = "<group>";
		};
		3236C008190963BF00EBB2B6 /* InfoPlist.strings */ = {
			isa = PBXVariantGroup;
			children = (
				3236C009190963BF00EBB2B6 /* en */,
			);
			name = InfoPlist.strings;
			sourceTree = "<group>";
		};
/* End PBXVariantGroup section */

/* Begin XCBuildConfiguration section */
		3236C00D190963BF00EBB2B6 /* Debug */ = {
			isa = XCBuildConfiguration;
			buildSettings = {
				ALWAYS_SEARCH_USER_PATHS = NO;
				CLANG_CXX_LANGUAGE_STANDARD = "gnu++0x";
				CLANG_CXX_LIBRARY = "libc++";
				CLANG_ENABLE_MODULES = YES;
				CLANG_ENABLE_OBJC_ARC = YES;
				CLANG_WARN_BOOL_CONVERSION = YES;
				CLANG_WARN_CONSTANT_CONVERSION = YES;
				CLANG_WARN_DIRECT_OBJC_ISA_USAGE = YES_ERROR;
				CLANG_WARN_EMPTY_BODY = YES;
				CLANG_WARN_ENUM_CONVERSION = YES;
				CLANG_WARN_INT_CONVERSION = YES;
				CLANG_WARN_OBJC_ROOT_CLASS = YES_ERROR;
				CLANG_WARN__DUPLICATE_METHOD_MATCH = YES;
				"CODE_SIGN_IDENTITY[sdk=iphoneos*]" = "iPhone Developer";
				COPY_PHASE_STRIP = NO;
				GCC_C_LANGUAGE_STANDARD = gnu99;
				GCC_DYNAMIC_NO_PIC = NO;
				GCC_OPTIMIZATION_LEVEL = 0;
				GCC_PREPROCESSOR_DEFINITIONS = (
					"DEBUG=1",
					"$(inherited)",
				);
				GCC_SYMBOLS_PRIVATE_EXTERN = NO;
				GCC_WARN_64_TO_32_BIT_CONVERSION = YES;
				GCC_WARN_ABOUT_RETURN_TYPE = YES_ERROR;
				GCC_WARN_UNDECLARED_SELECTOR = YES;
				GCC_WARN_UNINITIALIZED_AUTOS = YES_AGGRESSIVE;
				GCC_WARN_UNUSED_FUNCTION = YES;
				GCC_WARN_UNUSED_VARIABLE = YES;
				IPHONEOS_DEPLOYMENT_TARGET = 7.1;
				ONLY_ACTIVE_ARCH = YES;
				SDKROOT = iphoneos;
				TARGETED_DEVICE_FAMILY = "1,2";
			};
			name = Debug;
		};
		3236C00E190963BF00EBB2B6 /* Release */ = {
			isa = XCBuildConfiguration;
			buildSettings = {
				ALWAYS_SEARCH_USER_PATHS = NO;
				CLANG_CXX_LANGUAGE_STANDARD = "gnu++0x";
				CLANG_CXX_LIBRARY = "libc++";
				CLANG_ENABLE_MODULES = YES;
				CLANG_ENABLE_OBJC_ARC = YES;
				CLANG_WARN_BOOL_CONVERSION = YES;
				CLANG_WARN_CONSTANT_CONVERSION = YES;
				CLANG_WARN_DIRECT_OBJC_ISA_USAGE = YES_ERROR;
				CLANG_WARN_EMPTY_BODY = YES;
				CLANG_WARN_ENUM_CONVERSION = YES;
				CLANG_WARN_INT_CONVERSION = YES;
				CLANG_WARN_OBJC_ROOT_CLASS = YES_ERROR;
				CLANG_WARN__DUPLICATE_METHOD_MATCH = YES;
				"CODE_SIGN_IDENTITY[sdk=iphoneos*]" = "iPhone Developer";
				COPY_PHASE_STRIP = YES;
				ENABLE_NS_ASSERTIONS = NO;
				GCC_C_LANGUAGE_STANDARD = gnu99;
				GCC_WARN_64_TO_32_BIT_CONVERSION = YES;
				GCC_WARN_ABOUT_RETURN_TYPE = YES_ERROR;
				GCC_WARN_UNDECLARED_SELECTOR = YES;
				GCC_WARN_UNINITIALIZED_AUTOS = YES_AGGRESSIVE;
				GCC_WARN_UNUSED_FUNCTION = YES;
				GCC_WARN_UNUSED_VARIABLE = YES;
				IPHONEOS_DEPLOYMENT_TARGET = 7.1;
				SDKROOT = iphoneos;
				TARGETED_DEVICE_FAMILY = "1,2";
				VALIDATE_PRODUCT = YES;
			};
			name = Release;
		};
		3236C010190963BF00EBB2B6 /* Debug */ = {
			isa = XCBuildConfiguration;
			buildSettings = {
				ASSETCATALOG_COMPILER_APPICON_NAME = AppIcon;
				ASSETCATALOG_COMPILER_LAUNCHIMAGE_NAME = LaunchImage;
				CODE_SIGN_IDENTITY = "iPhone Developer";
				"CODE_SIGN_IDENTITY[sdk=iphoneos*]" = "iPhone Developer";
				GCC_PRECOMPILE_PREFIX_HEADER = YES;
				GCC_PREFIX_HEADER = "VideoTest/VideoTest-Prefix.pch";
				INFOPLIST_FILE = "VideoTest/VideoTest-Info.plist";
				IPHONEOS_DEPLOYMENT_TARGET = 7.0;
				PRODUCT_NAME = "$(TARGET_NAME)";
				PROVISIONING_PROFILE = "";
				WRAPPER_EXTENSION = app;
			};
			name = Debug;
		};
		3236C011190963BF00EBB2B6 /* Release */ = {
			isa = XCBuildConfiguration;
			buildSettings = {
				ASSETCATALOG_COMPILER_APPICON_NAME = AppIcon;
				ASSETCATALOG_COMPILER_LAUNCHIMAGE_NAME = LaunchImage;
				CODE_SIGN_IDENTITY = "iPhone Developer";
				"CODE_SIGN_IDENTITY[sdk=iphoneos*]" = "iPhone Developer";
				GCC_PRECOMPILE_PREFIX_HEADER = YES;
				GCC_PREFIX_HEADER = "VideoTest/VideoTest-Prefix.pch";
				INFOPLIST_FILE = "VideoTest/VideoTest-Info.plist";
				IPHONEOS_DEPLOYMENT_TARGET = 7.0;
				PRODUCT_NAME = "$(TARGET_NAME)";
				PROVISIONING_PROFILE = "";
				WRAPPER_EXTENSION = app;
			};
			name = Release;
		};
		3236C013190963BF00EBB2B6 /* Debug */ = {
			isa = XCBuildConfiguration;
			buildSettings = {
				BUNDLE_LOADER = "$(BUILT_PRODUCTS_DIR)/VideoTest.app/VideoTest";
				FRAMEWORK_SEARCH_PATHS = (
					"$(SDKROOT)/Developer/Library/Frameworks",
					"$(inherited)",
					"$(DEVELOPER_FRAMEWORKS_DIR)",
				);
				GCC_PRECOMPILE_PREFIX_HEADER = YES;
				GCC_PREFIX_HEADER = "VideoTest/VideoTest-Prefix.pch";
				GCC_PREPROCESSOR_DEFINITIONS = (
					"DEBUG=1",
					"$(inherited)",
				);
				INFOPLIST_FILE = "VideoTestTests/VideoTestTests-Info.plist";
				PRODUCT_NAME = "$(TARGET_NAME)";
				TEST_HOST = "$(BUNDLE_LOADER)";
				WRAPPER_EXTENSION = xctest;
			};
			name = Debug;
		};
		3236C014190963BF00EBB2B6 /* Release */ = {
			isa = XCBuildConfiguration;
			buildSettings = {
				BUNDLE_LOADER = "$(BUILT_PRODUCTS_DIR)/VideoTest.app/VideoTest";
				FRAMEWORK_SEARCH_PATHS = (
					"$(SDKROOT)/Developer/Library/Frameworks",
					"$(inherited)",
					"$(DEVELOPER_FRAMEWORKS_DIR)",
				);
				GCC_PRECOMPILE_PREFIX_HEADER = YES;
				GCC_PREFIX_HEADER = "VideoTest/VideoTest-Prefix.pch";
				INFOPLIST_FILE = "VideoTestTests/VideoTestTests-Info.plist";
				PRODUCT_NAME = "$(TARGET_NAME)";
				TEST_HOST = "$(BUNDLE_LOADER)";
				WRAPPER_EXTENSION = xctest;
			};
			name = Release;
		};
/* End XCBuildConfiguration section */

/* Begin XCConfigurationList section */
		3236BFD5190963BE00EBB2B6 /* Build configuration list for PBXProject "VideoTest" */ = {
			isa = XCConfigurationList;
			buildConfigurations = (
				3236C00D190963BF00EBB2B6 /* Debug */,
				3236C00E190963BF00EBB2B6 /* Release */,
			);
			defaultConfigurationIsVisible = 0;
			defaultConfigurationName = Release;
		};
		3236C00F190963BF00EBB2B6 /* Build configuration list for PBXNativeTarget "VideoTest" */ = {
			isa = XCConfigurationList;
			buildConfigurations = (
				3236C010190963BF00EBB2B6 /* Debug */,
				3236C011190963BF00EBB2B6 /* Release */,
			);
			defaultConfigurationIsVisible = 0;
			defaultConfigurationName = Release;
		};
		3236C012190963BF00EBB2B6 /* Build configuration list for PBXNativeTarget "VideoTestTests" */ = {
			isa = XCConfigurationList;
			buildConfigurations = (
				3236C013190963BF00EBB2B6 /* Debug */,
				3236C014190963BF00EBB2B6 /* Release */,
			);
			defaultConfigurationIsVisible = 0;
			defaultConfigurationName = Release;
		};
/* End XCConfigurationList section */
	};
	rootObject = 3236BFD2190963BE00EBB2B6 /* Project object */;
}
